
Microsoft Visual Studio Solution File, Format Version 12.00
# Visual Studio Version 16
VisualStudioVersion = 25.0.1705.4
MinimumVisualStudioVersion = 10.0.40219.1
Project("{2150E333-8FDC-42A3-9474-1A3956D46DE8}") = "Frontend", "Frontend", "{B340942A-422B-4902-B860-0F5FFF575EC3}"
EndProject
Project("{2150E333-8FDC-42A3-9474-1A3956D46DE8}") = "Gateway", "Gateway", "{2EFBDB0C-C6B2-41E7-81D7-6A815DCE9046}"
EndProject
Project("{2150E333-8FDC-42A3-9474-1A3956D46DE8}") = "Integration", "Integration", "{E9D296D3-D18D-418C-8AD7-84F9F6737AC6}"
EndProject
Project("{2150E333-8FDC-42A3-9474-1A3956D46DE8}") = "Services", "Services", "{824B989C-4E5C-4CE8-9A53-07B568DEFC6D}"
EndProject
Project("{FAE04EC0-301F-11D3-BF4B-00C04F79EFBC}") = "Mango.Services.CouponAPI", "Mango.Services.CoupenAPI\Mango.Services.CouponAPI.csproj", "{68748B52-D892-4223-B2FC-07B034ED962A}"
EndProject
Project("{FAE04EC0-301F-11D3-BF4B-00C04F79EFBC}") = "Mango.web", "Mango.web\Mango.web.csproj", "{A17A614A-DF2F-4ACA-8031-12169F9647D4}"
EndProject
Global
	GlobalSection(SolutionConfigurationPlatforms) = preSolution
		Debug|Any CPU = Debug|Any CPU
		Release|Any CPU = Release|Any CPU
	EndGlobalSection
	GlobalSection(ProjectConfigurationPlatforms) = postSolution
		{68748B52-D892-4223-B2FC-07B034ED962A}.Debug|Any CPU.ActiveCfg = Debug|Any CPU
		{68748B52-D892-4223-B2FC-07B034ED962A}.Debug|Any CPU.Build.0 = Debug|Any CPU
		{68748B52-D892-4223-B2FC-07B034ED962A}.Release|Any CPU.ActiveCfg = Release|Any CPU
		{68748B52-D892-4223-B2FC-07B034ED962A}.Release|Any CPU.Build.0 = Release|Any CPU
		{A17A614A-DF2F-4ACA-8031-12169F9647D4}.Debug|Any CPU.ActiveCfg = Debug|Any CPU
		{A17A614A-DF2F-4ACA-8031-12169F9647D4}.Debug|Any CPU.Build.0 = Debug|Any CPU
		{A17A614A-DF2F-4ACA-8031-12169F9647D4}.Release|Any CPU.ActiveCfg = Release|Any CPU
		{A17A614A-DF2F-4ACA-8031-12169F9647D4}.Release|Any CPU.Build.0 = Release|Any CPU
	EndGlobalSection
	GlobalSection(SolutionProperties) = preSolution
		HideSolutionNode = FALSE
	EndGlobalSection
	GlobalSection(ExtensibilityGlobals) = postSolution
		SolutionGuid = {10C39587-95C7-4674-A83A-AA024530CFE4}
	EndGlobalSection
	GlobalSection(NestedProjects) = preSolution
		{68748B52-D892-4223-B2FC-07B034ED962A} = {824B989C-4E5C-4CE8-9A53-07B568DEFC6D}
		{A17A614A-DF2F-4ACA-8031-12169F9647D4} = {B340942A-422B-4902-B860-0F5FFF575EC3}
	EndGlobalSection
EndGlobal
